
Microsoft Visual Studio Solution File, Format Version 12.00
# Visual Studio Version 16
VisualStudioVersion = 16.0.32802.440
MinimumVisualStudioVersion = 10.0.40219.1
Project("{FAE04EC0-301F-11D3-BF4B-00C04F79EFBC}") = "Amazon", "Amazon\Amazon.csproj", "{1045A472-391B-44F2-97AD-5FF4595CFA48}"
EndProject
Global
	GlobalSection(SolutionConfigurationPlatforms) = preSolution
		Debug|Any CPU = Debug|Any CPU
		Release|Any CPU = Release|Any CPU
	EndGlobalSection
	GlobalSection(ProjectConfigurationPlatforms) = postSolution
		{1045A472-391B-44F2-97AD-5FF4595CFA48}.Debug|Any CPU.ActiveCfg = Debug|Any CPU
		{1045A472-391B-44F2-97AD-5FF4595CFA48}.Debug|Any CPU.Build.0 = Debug|Any CPU
		{1045A472-391B-44F2-97AD-5FF4595CFA48}.Release|Any CPU.ActiveCfg = Release|Any CPU
		{1045A472-391B-44F2-97AD-5FF4595CFA48}.Release|Any CPU.Build.0 = Release|Any CPU
	EndGlobalSection
	GlobalSection(SolutionProperties) = preSolution
		HideSolutionNode = FALSE
	EndGlobalSection
	GlobalSection(ExtensibilityGlobals) = postSolution
		SolutionGuid = {9B3774B4-F001-4653-B315-1D13F7132F86}
	EndGlobalSection
EndGlobal
